
Microsoft Visual Studio Solution File, Format Version 12.00
# Visual Studio Version 16
VisualStudioVersion = 16.0.30225.117
MinimumVisualStudioVersion = 10.0.40219.1
Project("{9A19103F-16F7-4668-BE54-9A1E7A4F7556}") = "GD3_2_Getting_Started", "GD3_2_Getting_Started\GD3_2_Getting_Started.csproj", "{803C9E52-DBB5-4605-9E7B-5D9423F9C023}"
EndProject
Global
	GlobalSection(SolutionConfigurationPlatforms) = preSolution
		Debug|Any CPU = Debug|Any CPU
		Release|Any CPU = Release|Any CPU
	EndGlobalSection
	GlobalSection(ProjectConfigurationPlatforms) = postSolution
		{803C9E52-DBB5-4605-9E7B-5D9423F9C023}.Debug|Any CPU.ActiveCfg = Debug|Any CPU
		{803C9E52-DBB5-4605-9E7B-5D9423F9C023}.Debug|Any CPU.Build.0 = Debug|Any CPU
		{803C9E52-DBB5-4605-9E7B-5D9423F9C023}.Release|Any CPU.ActiveCfg = Release|Any CPU
		{803C9E52-DBB5-4605-9E7B-5D9423F9C023}.Release|Any CPU.Build.0 = Release|Any CPU
	EndGlobalSection
	GlobalSection(SolutionProperties) = preSolution
		HideSolutionNode = FALSE
	EndGlobalSection
	GlobalSection(ExtensibilityGlobals) = postSolution
		SolutionGuid = {493CE1E7-E2E7-481D-AED8-A6BA79E7A882}
	EndGlobalSection
EndGlobal
